// !$*UTF8*$!
{
	archiveVersion = 1;
	classes = {
	};
	objectVersion = 56;
	objects = {

/* Begin PBXBuildFile section */
		60248C572A153B3D008470E9 /* HomeView.swift in Sources */ = {isa = PBXBuildFile; fileRef = 60248C562A153B3D008470E9 /* HomeView.swift */; };
		60248C5B2A15B4F2008470E9 /* Background.swift in Sources */ = {isa = PBXBuildFile; fileRef = 60248C5A2A15B4F2008470E9 /* Background.swift */; };
		60248C602A15C39E008470E9 /* FileManager+EXT.swift in Sources */ = {isa = PBXBuildFile; fileRef = 60248C5F2A15C39E008470E9 /* FileManager+EXT.swift */; };
		6029FAAB2A17FBDA00D901B8 /* ThemePickerView.swift in Sources */ = {isa = PBXBuildFile; fileRef = 6029FAAA2A17FBDA00D901B8 /* ThemePickerView.swift */; };
		6029FAAF2A17FE2B00D901B8 /* WPOTitle.swift in Sources */ = {isa = PBXBuildFile; fileRef = 6029FAAE2A17FE2B00D901B8 /* WPOTitle.swift */; };
		6029FAB12A18031600D901B8 /* WPNavigationLink.swift in Sources */ = {isa = PBXBuildFile; fileRef = 6029FAB02A18031600D901B8 /* WPNavigationLink.swift */; };
		6029FABA2A1BAD6700D901B8 /* OnboardingWeatherDisplayView.swift in Sources */ = {isa = PBXBuildFile; fileRef = 6029FAB92A1BAD6700D901B8 /* OnboardingWeatherDisplayView.swift */; };
		6029FABE2A1BAED800D901B8 /* ThemeManager.swift in Sources */ = {isa = PBXBuildFile; fileRef = 6029FABD2A1BAED800D901B8 /* ThemeManager.swift */; };
		6029FAC12A1BAF3300D901B8 /* Theme.swift in Sources */ = {isa = PBXBuildFile; fileRef = 6029FAC02A1BAF3300D901B8 /* Theme.swift */; };
		6029FAC32A1BB0CF00D901B8 /* ThemeList.swift in Sources */ = {isa = PBXBuildFile; fileRef = 6029FAC22A1BB0CF00D901B8 /* ThemeList.swift */; };
		602EF3E92A367053008D8D36 /* WeatherCondition.swift in Sources */ = {isa = PBXBuildFile; fileRef = 602EF3E82A367053008D8D36 /* WeatherCondition.swift */; };
		6035AA892A1D223E0003377B /* WeatherNetwork.swift in Sources */ = {isa = PBXBuildFile; fileRef = 6035AA882A1D223E0003377B /* WeatherNetwork.swift */; };
		6035AA8B2A1D247C0003377B /* TenDayForecastResults.swift in Sources */ = {isa = PBXBuildFile; fileRef = 6035AA8A2A1D247C0003377B /* TenDayForecastResults.swift */; };
		603E20E62A17203500328253 /* WPLabel.swift in Sources */ = {isa = PBXBuildFile; fileRef = 603E20E52A17203500328253 /* WPLabel.swift */; };
		603E20E92A17242000328253 /* WPLabelViewModel.swift in Sources */ = {isa = PBXBuildFile; fileRef = 603E20E82A17242000328253 /* WPLabelViewModel.swift */; };
		60544BB02B22363E004782FB /* LoadingClass.swift in Sources */ = {isa = PBXBuildFile; fileRef = 60544BAF2B22363E004782FB /* LoadingClass.swift */; };
		60544BB52B2237D0004782FB /* WPKeychain.swift in Sources */ = {isa = PBXBuildFile; fileRef = 60544BB42B2237D0004782FB /* WPKeychain.swift */; };
		60544BB72B223E01004782FB /* UserDelegate.swift in Sources */ = {isa = PBXBuildFile; fileRef = 60544BB62B223E01004782FB /* UserDelegate.swift */; };
		60544BBC2B223E75004782FB /* UserDelegateAttribute.swift in Sources */ = {isa = PBXBuildFile; fileRef = 60544BBB2B223E75004782FB /* UserDelegateAttribute.swift */; };
		60544BBE2B224297004782FB /* TemperatureMeasurement.swift in Sources */ = {isa = PBXBuildFile; fileRef = 60544BBD2B224297004782FB /* TemperatureMeasurement.swift */; };
		6072A2F12A2107350041483A /* FetchingDataView.swift in Sources */ = {isa = PBXBuildFile; fileRef = 6072A2F02A2107350041483A /* FetchingDataView.swift */; };
		607A5EE62A1687E500910594 /* HomeViewModel.swift in Sources */ = {isa = PBXBuildFile; fileRef = 607A5EE52A1687E500910594 /* HomeViewModel.swift */; };
		607A5EE92A168DC400910594 /* SplashScreen.swift in Sources */ = {isa = PBXBuildFile; fileRef = 607A5EE82A168DC400910594 /* SplashScreen.swift */; };
		607A5EEB2A168DFC00910594 /* SplashScreenViewModel.swift in Sources */ = {isa = PBXBuildFile; fileRef = 607A5EEA2A168DFC00910594 /* SplashScreenViewModel.swift */; };
		607A5EEE2A168E6000910594 /* WPViewModel.swift in Sources */ = {isa = PBXBuildFile; fileRef = 607A5EED2A168E6000910594 /* WPViewModel.swift */; };
		607A5EF12A16A29E00910594 /* OnboardingView.swift in Sources */ = {isa = PBXBuildFile; fileRef = 607A5EF02A16A29E00910594 /* OnboardingView.swift */; };
		607A5EF32A16A2A800910594 /* OnboardingViewModel.swift in Sources */ = {isa = PBXBuildFile; fileRef = 607A5EF22A16A2A800910594 /* OnboardingViewModel.swift */; };
		607A5EF52A16B15F00910594 /* WPText.swift in Sources */ = {isa = PBXBuildFile; fileRef = 607A5EF42A16B15F00910594 /* WPText.swift */; };
		607A5EF72A16B8FD00910594 /* WPButton.swift in Sources */ = {isa = PBXBuildFile; fileRef = 607A5EF62A16B8FD00910594 /* WPButton.swift */; };
		60CCB2BD2A30427300D6BE68 /* Degree.swift in Sources */ = {isa = PBXBuildFile; fileRef = 60CCB2BC2A30427300D6BE68 /* Degree.swift */; };
		60DE8E7F2A1C3A76002BD9D8 /* LocationManager.swift in Sources */ = {isa = PBXBuildFile; fileRef = 60DE8E7E2A1C3A76002BD9D8 /* LocationManager.swift */; };
		60DE8E812A1C3B33002BD9D8 /* EnableLocationView.swift in Sources */ = {isa = PBXBuildFile; fileRef = 60DE8E802A1C3B33002BD9D8 /* EnableLocationView.swift */; };
		60EB63C52A340B5400CC2F17 /* GuageRow.swift in Sources */ = {isa = PBXBuildFile; fileRef = 60EB63C42A340B5400CC2F17 /* GuageRow.swift */; };
		60EB63C72A340B6900CC2F17 /* GuageView.swift in Sources */ = {isa = PBXBuildFile; fileRef = 60EB63C62A340B6900CC2F17 /* GuageView.swift */; };
		60EB63CB2A34350400CC2F17 /* TemperatureCapsule.swift in Sources */ = {isa = PBXBuildFile; fileRef = 60EB63CA2A34350400CC2F17 /* TemperatureCapsule.swift */; };
		60EB63CD2A34352300CC2F17 /* TemperatureBar.swift in Sources */ = {isa = PBXBuildFile; fileRef = 60EB63CC2A34352300CC2F17 /* TemperatureBar.swift */; };
		60EB63D32A35834E00CC2F17 /* TenDayTemperatureView.swift in Sources */ = {isa = PBXBuildFile; fileRef = 60EB63D22A35834E00CC2F17 /* TenDayTemperatureView.swift */; };
		60F2728A2A0C998E0025711F /* Weather_ProviderApp.swift in Sources */ = {isa = PBXBuildFile; fileRef = 60F272892A0C998E0025711F /* Weather_ProviderApp.swift */; };
		60F2728E2A0C998F0025711F /* Assets.xcassets in Resources */ = {isa = PBXBuildFile; fileRef = 60F2728D2A0C998F0025711F /* Assets.xcassets */; };
		60F272912A0C998F0025711F /* Preview Assets.xcassets in Resources */ = {isa = PBXBuildFile; fileRef = 60F272902A0C998F0025711F /* Preview Assets.xcassets */; };
/* End PBXBuildFile section */

/* Begin PBXFileReference section */
		60248C562A153B3D008470E9 /* HomeView.swift */ = {isa = PBXFileReference; lastKnownFileType = sourcecode.swift; path = HomeView.swift; sourceTree = "<group>"; };
		60248C5A2A15B4F2008470E9 /* Background.swift */ = {isa = PBXFileReference; lastKnownFileType = sourcecode.swift; path = Background.swift; sourceTree = "<group>"; };
		60248C5F2A15C39E008470E9 /* FileManager+EXT.swift */ = {isa = PBXFileReference; lastKnownFileType = sourcecode.swift; path = "FileManager+EXT.swift"; sourceTree = "<group>"; };
		6029FAAA2A17FBDA00D901B8 /* ThemePickerView.swift */ = {isa = PBXFileReference; lastKnownFileType = sourcecode.swift; path = ThemePickerView.swift; sourceTree = "<group>"; };
		6029FAAE2A17FE2B00D901B8 /* WPOTitle.swift */ = {isa = PBXFileReference; lastKnownFileType = sourcecode.swift; path = WPOTitle.swift; sourceTree = "<group>"; };
		6029FAB02A18031600D901B8 /* WPNavigationLink.swift */ = {isa = PBXFileReference; lastKnownFileType = sourcecode.swift; path = WPNavigationLink.swift; sourceTree = "<group>"; };
		6029FAB92A1BAD6700D901B8 /* OnboardingWeatherDisplayView.swift */ = {isa = PBXFileReference; lastKnownFileType = sourcecode.swift; path = OnboardingWeatherDisplayView.swift; sourceTree = "<group>"; };
		6029FABD2A1BAED800D901B8 /* ThemeManager.swift */ = {isa = PBXFileReference; lastKnownFileType = sourcecode.swift; path = ThemeManager.swift; sourceTree = "<group>"; };
		6029FAC02A1BAF3300D901B8 /* Theme.swift */ = {isa = PBXFileReference; lastKnownFileType = sourcecode.swift; path = Theme.swift; sourceTree = "<group>"; };
		6029FAC22A1BB0CF00D901B8 /* ThemeList.swift */ = {isa = PBXFileReference; lastKnownFileType = sourcecode.swift; path = ThemeList.swift; sourceTree = "<group>"; };
		602EF3E82A367053008D8D36 /* WeatherCondition.swift */ = {isa = PBXFileReference; lastKnownFileType = sourcecode.swift; path = WeatherCondition.swift; sourceTree = "<group>"; };
		6035AA882A1D223E0003377B /* WeatherNetwork.swift */ = {isa = PBXFileReference; lastKnownFileType = sourcecode.swift; path = WeatherNetwork.swift; sourceTree = "<group>"; };
		6035AA8A2A1D247C0003377B /* TenDayForecastResults.swift */ = {isa = PBXFileReference; lastKnownFileType = sourcecode.swift; path = TenDayForecastResults.swift; sourceTree = "<group>"; };
		603E20E52A17203500328253 /* WPLabel.swift */ = {isa = PBXFileReference; lastKnownFileType = sourcecode.swift; path = WPLabel.swift; sourceTree = "<group>"; };
		603E20E82A17242000328253 /* WPLabelViewModel.swift */ = {isa = PBXFileReference; lastKnownFileType = sourcecode.swift; path = WPLabelViewModel.swift; sourceTree = "<group>"; };
		60544BAF2B22363E004782FB /* LoadingClass.swift */ = {isa = PBXFileReference; lastKnownFileType = sourcecode.swift; path = LoadingClass.swift; sourceTree = "<group>"; };
		60544BB42B2237D0004782FB /* WPKeychain.swift */ = {isa = PBXFileReference; lastKnownFileType = sourcecode.swift; path = WPKeychain.swift; sourceTree = "<group>"; };
		60544BB62B223E01004782FB /* UserDelegate.swift */ = {isa = PBXFileReference; lastKnownFileType = sourcecode.swift; path = UserDelegate.swift; sourceTree = "<group>"; };
		60544BBB2B223E75004782FB /* UserDelegateAttribute.swift */ = {isa = PBXFileReference; lastKnownFileType = sourcecode.swift; path = UserDelegateAttribute.swift; sourceTree = "<group>"; };
		60544BBD2B224297004782FB /* TemperatureMeasurement.swift */ = {isa = PBXFileReference; lastKnownFileType = sourcecode.swift; path = TemperatureMeasurement.swift; sourceTree = "<group>"; };
		6072A2F02A2107350041483A /* FetchingDataView.swift */ = {isa = PBXFileReference; lastKnownFileType = sourcecode.swift; path = FetchingDataView.swift; sourceTree = "<group>"; };
		607A5EE52A1687E500910594 /* HomeViewModel.swift */ = {isa = PBXFileReference; lastKnownFileType = sourcecode.swift; path = HomeViewModel.swift; sourceTree = "<group>"; };
		607A5EE82A168DC400910594 /* SplashScreen.swift */ = {isa = PBXFileReference; lastKnownFileType = sourcecode.swift; path = SplashScreen.swift; sourceTree = "<group>"; };
		607A5EEA2A168DFC00910594 /* SplashScreenViewModel.swift */ = {isa = PBXFileReference; lastKnownFileType = sourcecode.swift; path = SplashScreenViewModel.swift; sourceTree = "<group>"; };
		607A5EED2A168E6000910594 /* WPViewModel.swift */ = {isa = PBXFileReference; lastKnownFileType = sourcecode.swift; path = WPViewModel.swift; sourceTree = "<group>"; };
		607A5EF02A16A29E00910594 /* OnboardingView.swift */ = {isa = PBXFileReference; lastKnownFileType = sourcecode.swift; path = OnboardingView.swift; sourceTree = "<group>"; };
		607A5EF22A16A2A800910594 /* OnboardingViewModel.swift */ = {isa = PBXFileReference; lastKnownFileType = sourcecode.swift; path = OnboardingViewModel.swift; sourceTree = "<group>"; };
		607A5EF42A16B15F00910594 /* WPText.swift */ = {isa = PBXFileReference; lastKnownFileType = sourcecode.swift; path = WPText.swift; sourceTree = "<group>"; };
		607A5EF62A16B8FD00910594 /* WPButton.swift */ = {isa = PBXFileReference; lastKnownFileType = sourcecode.swift; path = WPButton.swift; sourceTree = "<group>"; };
		60CCB2BC2A30427300D6BE68 /* Degree.swift */ = {isa = PBXFileReference; lastKnownFileType = sourcecode.swift; path = Degree.swift; sourceTree = "<group>"; };
		60DE8E7E2A1C3A76002BD9D8 /* LocationManager.swift */ = {isa = PBXFileReference; lastKnownFileType = sourcecode.swift; path = LocationManager.swift; sourceTree = "<group>"; };
		60DE8E802A1C3B33002BD9D8 /* EnableLocationView.swift */ = {isa = PBXFileReference; lastKnownFileType = sourcecode.swift; path = EnableLocationView.swift; sourceTree = "<group>"; };
		60EB63C42A340B5400CC2F17 /* GuageRow.swift */ = {isa = PBXFileReference; lastKnownFileType = sourcecode.swift; path = GuageRow.swift; sourceTree = "<group>"; };
		60EB63C62A340B6900CC2F17 /* GuageView.swift */ = {isa = PBXFileReference; lastKnownFileType = sourcecode.swift; path = GuageView.swift; sourceTree = "<group>"; };
		60EB63CA2A34350400CC2F17 /* TemperatureCapsule.swift */ = {isa = PBXFileReference; lastKnownFileType = sourcecode.swift; path = TemperatureCapsule.swift; sourceTree = "<group>"; };
		60EB63CC2A34352300CC2F17 /* TemperatureBar.swift */ = {isa = PBXFileReference; lastKnownFileType = sourcecode.swift; path = TemperatureBar.swift; sourceTree = "<group>"; };
		60EB63D22A35834E00CC2F17 /* TenDayTemperatureView.swift */ = {isa = PBXFileReference; lastKnownFileType = sourcecode.swift; path = TenDayTemperatureView.swift; sourceTree = "<group>"; };
		60F272862A0C998E0025711F /* Weather Provider.app */ = {isa = PBXFileReference; explicitFileType = wrapper.application; includeInIndex = 0; path = "Weather Provider.app"; sourceTree = BUILT_PRODUCTS_DIR; };
		60F272892A0C998E0025711F /* Weather_ProviderApp.swift */ = {isa = PBXFileReference; lastKnownFileType = sourcecode.swift; path = Weather_ProviderApp.swift; sourceTree = "<group>"; };
		60F2728D2A0C998F0025711F /* Assets.xcassets */ = {isa = PBXFileReference; lastKnownFileType = folder.assetcatalog; path = Assets.xcassets; sourceTree = "<group>"; };
		60F272902A0C998F0025711F /* Preview Assets.xcassets */ = {isa = PBXFileReference; lastKnownFileType = folder.assetcatalog; path = "Preview Assets.xcassets"; sourceTree = "<group>"; };
/* End PBXFileReference section */

/* Begin PBXFrameworksBuildPhase section */
		60F272832A0C998E0025711F /* Frameworks */ = {
			isa = PBXFrameworksBuildPhase;
			buildActionMask = 2147483647;
			files = (
			);
			runOnlyForDeploymentPostprocessing = 0;
		};
/* End PBXFrameworksBuildPhase section */

/* Begin PBXGroup section */
		60248C552A153B2E008470E9 /* Home */ = {
			isa = PBXGroup;
			children = (
				60EB63C92A3434DB00CC2F17 /* Temperature Bar */,
				60EB63C32A340B3A00CC2F17 /* Gauge Row */,
				60248C562A153B3D008470E9 /* HomeView.swift */,
				607A5EE52A1687E500910594 /* HomeViewModel.swift */,
			);
			path = Home;
			sourceTree = "<group>";
		};
		6029FAA92A17FBC200D901B8 /* Theme Picker */ = {
			isa = PBXGroup;
			children = (
				6029FAAA2A17FBDA00D901B8 /* ThemePickerView.swift */,
			);
			path = "Theme Picker";
			sourceTree = "<group>";
		};
		6029FAB82A1BAD5000D901B8 /* Onboarding Weather Display */ = {
			isa = PBXGroup;
			children = (
				6029FAB92A1BAD6700D901B8 /* OnboardingWeatherDisplayView.swift */,
			);
			path = "Onboarding Weather Display";
			sourceTree = "<group>";
		};
		6029FABF2A1BAF2500D901B8 /* Theme */ = {
			isa = PBXGroup;
			children = (
				6029FABD2A1BAED800D901B8 /* ThemeManager.swift */,
				6029FAC02A1BAF3300D901B8 /* Theme.swift */,
				6029FAC22A1BB0CF00D901B8 /* ThemeList.swift */,
			);
			path = Theme;
			sourceTree = "<group>";
		};
		602EF3E62A36702D008D8D36 /* Data */ = {
			isa = PBXGroup;
			children = (
				60544BAE2B222A27004782FB /* Data Persistence */,
				602EF3E72A36703B008D8D36 /* Weather Conditions */,
			);
			path = Data;
			sourceTree = "<group>";
		};
		602EF3E72A36703B008D8D36 /* Weather Conditions */ = {
			isa = PBXGroup;
			children = (
				602EF3E82A367053008D8D36 /* WeatherCondition.swift */,
			);
			path = "Weather Conditions";
			sourceTree = "<group>";
		};
		6035AA872A1D22200003377B /* Weather Network */ = {
			isa = PBXGroup;
			children = (
				6035AA882A1D223E0003377B /* WeatherNetwork.swift */,
				6035AA8A2A1D247C0003377B /* TenDayForecastResults.swift */,
			);
			path = "Weather Network";
			sourceTree = "<group>";
		};
		603E20E72A17240600328253 /* WPLabel */ = {
			isa = PBXGroup;
			children = (
				603E20E52A17203500328253 /* WPLabel.swift */,
				603E20E82A17242000328253 /* WPLabelViewModel.swift */,
			);
			path = WPLabel;
			sourceTree = "<group>";
		};
		60544BAE2B222A27004782FB /* Data Persistence */ = {
			isa = PBXGroup;
			children = (
				60544BB82B223E32004782FB /* User Delegate */,
				60248C5F2A15C39E008470E9 /* FileManager+EXT.swift */,
				60544BAF2B22363E004782FB /* LoadingClass.swift */,
			);
			path = "Data Persistence";
			sourceTree = "<group>";
		};
		60544BB32B2237A8004782FB /* Keychain */ = {
			isa = PBXGroup;
			children = (
				60544BB42B2237D0004782FB /* WPKeychain.swift */,
			);
			path = Keychain;
			sourceTree = "<group>";
		};
		60544BB82B223E32004782FB /* User Delegate */ = {
			isa = PBXGroup;
			children = (
				60544BB62B223E01004782FB /* UserDelegate.swift */,
				60544BBB2B223E75004782FB /* UserDelegateAttribute.swift */,
			);
			path = "User Delegate";
			sourceTree = "<group>";
		};
		6072A2EF2A2106A70041483A /* Fetching Data Animation */ = {
			isa = PBXGroup;
			children = (
				6072A2F02A2107350041483A /* FetchingDataView.swift */,
			);
			path = "Fetching Data Animation";
			sourceTree = "<group>";
		};
		607A5EE72A168D2200910594 /* Splash Screen */ = {
			isa = PBXGroup;
			children = (
				607A5EE82A168DC400910594 /* SplashScreen.swift */,
				607A5EEA2A168DFC00910594 /* SplashScreenViewModel.swift */,
			);
			path = "Splash Screen";
			sourceTree = "<group>";
		};
		607A5EEC2A168E4600910594 /* Protocols */ = {
			isa = PBXGroup;
			children = (
				607A5EED2A168E6000910594 /* WPViewModel.swift */,
			);
			path = Protocols;
			sourceTree = "<group>";
		};
		607A5EEF2A16A28F00910594 /* Onboarding  */ = {
			isa = PBXGroup;
			children = (
				607A5EF02A16A29E00910594 /* OnboardingView.swift */,
				607A5EF22A16A2A800910594 /* OnboardingViewModel.swift */,
			);
			path = "Onboarding ";
			sourceTree = "<group>";
		};
		60D9E7D62A1025BA00037683 /* Module */ = {
			isa = PBXGroup;
			children = (
				6072A2EF2A2106A70041483A /* Fetching Data Animation */,
				60DE8E7D2A1C3997002BD9D8 /* Enable Current Location  */,
				6029FAB82A1BAD5000D901B8 /* Onboarding Weather Display */,
				6029FAA92A17FBC200D901B8 /* Theme Picker */,
				607A5EEF2A16A28F00910594 /* Onboarding  */,
				607A5EE72A168D2200910594 /* Splash Screen */,
				60248C552A153B2E008470E9 /* Home */,
			);
			path = Module;
			sourceTree = "<group>";
		};
		60DE8E7D2A1C3997002BD9D8 /* Enable Current Location  */ = {
			isa = PBXGroup;
			children = (
				60DE8E7E2A1C3A76002BD9D8 /* LocationManager.swift */,
				60DE8E802A1C3B33002BD9D8 /* EnableLocationView.swift */,
			);
			path = "Enable Current Location ";
			sourceTree = "<group>";
		};
		60EB63C32A340B3A00CC2F17 /* Gauge Row */ = {
			isa = PBXGroup;
			children = (
				60EB63C42A340B5400CC2F17 /* GuageRow.swift */,
				60EB63C62A340B6900CC2F17 /* GuageView.swift */,
			);
			path = "Gauge Row";
			sourceTree = "<group>";
		};
		60EB63C92A3434DB00CC2F17 /* Temperature Bar */ = {
			isa = PBXGroup;
			children = (
				60EB63CA2A34350400CC2F17 /* TemperatureCapsule.swift */,
				60EB63CC2A34352300CC2F17 /* TemperatureBar.swift */,
				60EB63D22A35834E00CC2F17 /* TenDayTemperatureView.swift */,
			);
			path = "Temperature Bar";
			sourceTree = "<group>";
		};
		60F2727D2A0C998E0025711F = {
			isa = PBXGroup;
			children = (
				60F272882A0C998E0025711F /* Weather Provider */,
				60F272872A0C998E0025711F /* Products */,
			);
			sourceTree = "<group>";
		};
		60F272872A0C998E0025711F /* Products */ = {
			isa = PBXGroup;
			children = (
				60F272862A0C998E0025711F /* Weather Provider.app */,
			);
			name = Products;
			sourceTree = "<group>";
		};
		60F272882A0C998E0025711F /* Weather Provider */ = {
			isa = PBXGroup;
			children = (
				602EF3E62A36702D008D8D36 /* Data */,
				607A5EEC2A168E4600910594 /* Protocols */,
				60D9E7D62A1025BA00037683 /* Module */,
				60F272982A0C9A1D0025711F /* Reusable Views */,
				60F272972A0C9A120025711F /* Model */,
				60F272892A0C998E0025711F /* Weather_ProviderApp.swift */,
				60F2728D2A0C998F0025711F /* Assets.xcassets */,
				60F2728F2A0C998F0025711F /* Preview Content */,
			);
			path = "Weather Provider";
			sourceTree = "<group>";
		};
		60F2728F2A0C998F0025711F /* Preview Content */ = {
			isa = PBXGroup;
			children = (
				60F272902A0C998F0025711F /* Preview Assets.xcassets */,
			);
			path = "Preview Content";
			sourceTree = "<group>";
		};
		60F272972A0C9A120025711F /* Model */ = {
			isa = PBXGroup;
			children = (
				60544BB32B2237A8004782FB /* Keychain */,
				6035AA872A1D22200003377B /* Weather Network */,
				6029FABF2A1BAF2500D901B8 /* Theme */,
				60CCB2BC2A30427300D6BE68 /* Degree.swift */,
				60544BBD2B224297004782FB /* TemperatureMeasurement.swift */,
			);
			path = Model;
			sourceTree = "<group>";
		};
		60F272982A0C9A1D0025711F /* Reusable Views */ = {
			isa = PBXGroup;
			children = (
				603E20E72A17240600328253 /* WPLabel */,
				60248C5A2A15B4F2008470E9 /* Background.swift */,
				607A5EF42A16B15F00910594 /* WPText.swift */,
				607A5EF62A16B8FD00910594 /* WPButton.swift */,
				6029FAAE2A17FE2B00D901B8 /* WPOTitle.swift */,
				6029FAB02A18031600D901B8 /* WPNavigationLink.swift */,
			);
			path = "Reusable Views";
			sourceTree = "<group>";
		};
/* End PBXGroup section */

/* Begin PBXNativeTarget section */
		60F272852A0C998E0025711F /* Weather Provider */ = {
			isa = PBXNativeTarget;
			buildConfigurationList = 60F272942A0C998F0025711F /* Build configuration list for PBXNativeTarget "Weather Provider" */;
			buildPhases = (
				60F272822A0C998E0025711F /* Sources */,
				60F272832A0C998E0025711F /* Frameworks */,
				60F272842A0C998E0025711F /* Resources */,
			);
			buildRules = (
			);
			dependencies = (
			);
			name = "Weather Provider";
			productName = "Weather Provider";
			productReference = 60F272862A0C998E0025711F /* Weather Provider.app */;
			productType = "com.apple.product-type.application";
		};
/* End PBXNativeTarget section */

/* Begin PBXProject section */
		60F2727E2A0C998E0025711F /* Project object */ = {
			isa = PBXProject;
			attributes = {
				BuildIndependentTargetsInParallel = 1;
				LastSwiftUpdateCheck = 1430;
				LastUpgradeCheck = 1430;
				TargetAttributes = {
					60F272852A0C998E0025711F = {
						CreatedOnToolsVersion = 14.3;
					};
				};
			};
			buildConfigurationList = 60F272812A0C998E0025711F /* Build configuration list for PBXProject "Weather Provider-DeveloperBranch" */;
			compatibilityVersion = "Xcode 14.0";
			developmentRegion = en;
			hasScannedForEncodings = 0;
			knownRegions = (
				en,
				Base,
			);
			mainGroup = 60F2727D2A0C998E0025711F;
			productRefGroup = 60F272872A0C998E0025711F /* Products */;
			projectDirPath = "";
			projectRoot = "";
			targets = (
				60F272852A0C998E0025711F /* Weather Provider */,
			);
		};
/* End PBXProject section */

/* Begin PBXResourcesBuildPhase section */
		60F272842A0C998E0025711F /* Resources */ = {
			isa = PBXResourcesBuildPhase;
			buildActionMask = 2147483647;
			files = (
				60F272912A0C998F0025711F /* Preview Assets.xcassets in Resources */,
				60F2728E2A0C998F0025711F /* Assets.xcassets in Resources */,
			);
			runOnlyForDeploymentPostprocessing = 0;
		};
/* End PBXResourcesBuildPhase section */

/* Begin PBXSourcesBuildPhase section */
		60F272822A0C998E0025711F /* Sources */ = {
			isa = PBXSourcesBuildPhase;
			buildActionMask = 2147483647;
			files = (
				6029FABE2A1BAED800D901B8 /* ThemeManager.swift in Sources */,
				60248C602A15C39E008470E9 /* FileManager+EXT.swift in Sources */,
				607A5EE62A1687E500910594 /* HomeViewModel.swift in Sources */,
				60544BB72B223E01004782FB /* UserDelegate.swift in Sources */,
				607A5EE92A168DC400910594 /* SplashScreen.swift in Sources */,
				60EB63D32A35834E00CC2F17 /* TenDayTemperatureView.swift in Sources */,
				607A5EF12A16A29E00910594 /* OnboardingView.swift in Sources */,
				60544BBE2B224297004782FB /* TemperatureMeasurement.swift in Sources */,
				6029FAAF2A17FE2B00D901B8 /* WPOTitle.swift in Sources */,
				60EB63CB2A34350400CC2F17 /* TemperatureCapsule.swift in Sources */,
				603E20E62A17203500328253 /* WPLabel.swift in Sources */,
				607A5EF52A16B15F00910594 /* WPText.swift in Sources */,
				602EF3E92A367053008D8D36 /* WeatherCondition.swift in Sources */,
				6029FAC12A1BAF3300D901B8 /* Theme.swift in Sources */,
				6029FAB12A18031600D901B8 /* WPNavigationLink.swift in Sources */,
				60EB63CD2A34352300CC2F17 /* TemperatureBar.swift in Sources */,
				6029FABA2A1BAD6700D901B8 /* OnboardingWeatherDisplayView.swift in Sources */,
				6029FAC32A1BB0CF00D901B8 /* ThemeList.swift in Sources */,
				60EB63C52A340B5400CC2F17 /* GuageRow.swift in Sources */,
				6029FAAB2A17FBDA00D901B8 /* ThemePickerView.swift in Sources */,
				60248C572A153B3D008470E9 /* HomeView.swift in Sources */,
				60DE8E7F2A1C3A76002BD9D8 /* LocationManager.swift in Sources */,
				60544BBC2B223E75004782FB /* UserDelegateAttribute.swift in Sources */,
				607A5EF32A16A2A800910594 /* OnboardingViewModel.swift in Sources */,
				603E20E92A17242000328253 /* WPLabelViewModel.swift in Sources */,
				6035AA892A1D223E0003377B /* WeatherNetwork.swift in Sources */,
				6072A2F12A2107350041483A /* FetchingDataView.swift in Sources */,
				607A5EEE2A168E6000910594 /* WPViewModel.swift in Sources */,
				607A5EF72A16B8FD00910594 /* WPButton.swift in Sources */,
				607A5EEB2A168DFC00910594 /* SplashScreenViewModel.swift in Sources */,
				60544BB02B22363E004782FB /* LoadingClass.swift in Sources */,
				60CCB2BD2A30427300D6BE68 /* Degree.swift in Sources */,
				6035AA8B2A1D247C0003377B /* TenDayForecastResults.swift in Sources */,
				60DE8E812A1C3B33002BD9D8 /* EnableLocationView.swift in Sources */,
				60544BB52B2237D0004782FB /* WPKeychain.swift in Sources */,
				60F2728A2A0C998E0025711F /* Weather_ProviderApp.swift in Sources */,
				60EB63C72A340B6900CC2F17 /* GuageView.swift in Sources */,
				60248C5B2A15B4F2008470E9 /* Background.swift in Sources */,
			);
			runOnlyForDeploymentPostprocessing = 0;
		};
/* End PBXSourcesBuildPhase section */

/* Begin XCBuildConfiguration section */
		60F272922A0C998F0025711F /* Debug */ = {
			isa = XCBuildConfiguration;
			buildSettings = {
				ALWAYS_SEARCH_USER_PATHS = NO;
				CLANG_ANALYZER_NONNULL = YES;
				CLANG_ANALYZER_NUMBER_OBJECT_CONVERSION = YES_AGGRESSIVE;
				CLANG_CXX_LANGUAGE_STANDARD = "gnu++20";
				CLANG_ENABLE_MODULES = YES;
				CLANG_ENABLE_OBJC_ARC = YES;
				CLANG_ENABLE_OBJC_WEAK = YES;
				CLANG_WARN_BLOCK_CAPTURE_AUTORELEASING = YES;
				CLANG_WARN_BOOL_CONVERSION = YES;
				CLANG_WARN_COMMA = YES;
				CLANG_WARN_CONSTANT_CONVERSION = YES;
				CLANG_WARN_DEPRECATED_OBJC_IMPLEMENTATIONS = YES;
				CLANG_WARN_DIRECT_OBJC_ISA_USAGE = YES_ERROR;
				CLANG_WARN_DOCUMENTATION_COMMENTS = YES;
				CLANG_WARN_EMPTY_BODY = YES;
				CLANG_WARN_ENUM_CONVERSION = YES;
				CLANG_WARN_INFINITE_RECURSION = YES;
				CLANG_WARN_INT_CONVERSION = YES;
				CLANG_WARN_NON_LITERAL_NULL_CONVERSION = YES;
				CLANG_WARN_OBJC_IMPLICIT_RETAIN_SELF = YES;
				CLANG_WARN_OBJC_LITERAL_CONVERSION = YES;
				CLANG_WARN_OBJC_ROOT_CLASS = YES_ERROR;
				CLANG_WARN_QUOTED_INCLUDE_IN_FRAMEWORK_HEADER = YES;
				CLANG_WARN_RANGE_LOOP_ANALYSIS = YES;
				CLANG_WARN_STRICT_PROTOTYPES = YES;
				CLANG_WARN_SUSPICIOUS_MOVE = YES;
				CLANG_WARN_UNGUARDED_AVAILABILITY = YES_AGGRESSIVE;
				CLANG_WARN_UNREACHABLE_CODE = YES;
				CLANG_WARN__DUPLICATE_METHOD_MATCH = YES;
				COPY_PHASE_STRIP = NO;
				DEBUG_INFORMATION_FORMAT = dwarf;
				ENABLE_STRICT_OBJC_MSGSEND = YES;
				ENABLE_TESTABILITY = YES;
				GCC_C_LANGUAGE_STANDARD = gnu11;
				GCC_DYNAMIC_NO_PIC = NO;
				GCC_NO_COMMON_BLOCKS = YES;
				GCC_OPTIMIZATION_LEVEL = 0;
				GCC_PREPROCESSOR_DEFINITIONS = (
					"DEBUG=1",
					"$(inherited)",
				);
				GCC_WARN_64_TO_32_BIT_CONVERSION = YES;
				GCC_WARN_ABOUT_RETURN_TYPE = YES_ERROR;
				GCC_WARN_UNDECLARED_SELECTOR = YES;
				GCC_WARN_UNINITIALIZED_AUTOS = YES_AGGRESSIVE;
				GCC_WARN_UNUSED_FUNCTION = YES;
				GCC_WARN_UNUSED_VARIABLE = YES;
				IPHONEOS_DEPLOYMENT_TARGET = 16.4;
				MTL_ENABLE_DEBUG_INFO = INCLUDE_SOURCE;
				MTL_FAST_MATH = YES;
				ONLY_ACTIVE_ARCH = YES;
				SDKROOT = iphoneos;
				SWIFT_ACTIVE_COMPILATION_CONDITIONS = DEBUG;
				SWIFT_OPTIMIZATION_LEVEL = "-Onone";
			};
			name = Debug;
		};
		60F272932A0C998F0025711F /* Release */ = {
			isa = XCBuildConfiguration;
			buildSettings = {
				ALWAYS_SEARCH_USER_PATHS = NO;
				CLANG_ANALYZER_NONNULL = YES;
				CLANG_ANALYZER_NUMBER_OBJECT_CONVERSION = YES_AGGRESSIVE;
				CLANG_CXX_LANGUAGE_STANDARD = "gnu++20";
				CLANG_ENABLE_MODULES = YES;
				CLANG_ENABLE_OBJC_ARC = YES;
				CLANG_ENABLE_OBJC_WEAK = YES;
				CLANG_WARN_BLOCK_CAPTURE_AUTORELEASING = YES;
				CLANG_WARN_BOOL_CONVERSION = YES;
				CLANG_WARN_COMMA = YES;
				CLANG_WARN_CONSTANT_CONVERSION = YES;
				CLANG_WARN_DEPRECATED_OBJC_IMPLEMENTATIONS = YES;
				CLANG_WARN_DIRECT_OBJC_ISA_USAGE = YES_ERROR;
				CLANG_WARN_DOCUMENTATION_COMMENTS = YES;
				CLANG_WARN_EMPTY_BODY = YES;
				CLANG_WARN_ENUM_CONVERSION = YES;
				CLANG_WARN_INFINITE_RECURSION = YES;
				CLANG_WARN_INT_CONVERSION = YES;
				CLANG_WARN_NON_LITERAL_NULL_CONVERSION = YES;
				CLANG_WARN_OBJC_IMPLICIT_RETAIN_SELF = YES;
				CLANG_WARN_OBJC_LITERAL_CONVERSION = YES;
				CLANG_WARN_OBJC_ROOT_CLASS = YES_ERROR;
				CLANG_WARN_QUOTED_INCLUDE_IN_FRAMEWORK_HEADER = YES;
				CLANG_WARN_RANGE_LOOP_ANALYSIS = YES;
				CLANG_WARN_STRICT_PROTOTYPES = YES;
				CLANG_WARN_SUSPICIOUS_MOVE = YES;
				CLANG_WARN_UNGUARDED_AVAILABILITY = YES_AGGRESSIVE;
				CLANG_WARN_UNREACHABLE_CODE = YES;
				CLANG_WARN__DUPLICATE_METHOD_MATCH = YES;
				COPY_PHASE_STRIP = NO;
				DEBUG_INFORMATION_FORMAT = "dwarf-with-dsym";
				ENABLE_NS_ASSERTIONS = NO;
				ENABLE_STRICT_OBJC_MSGSEND = YES;
				GCC_C_LANGUAGE_STANDARD = gnu11;
				GCC_NO_COMMON_BLOCKS = YES;
				GCC_WARN_64_TO_32_BIT_CONVERSION = YES;
				GCC_WARN_ABOUT_RETURN_TYPE = YES_ERROR;
				GCC_WARN_UNDECLARED_SELECTOR = YES;
				GCC_WARN_UNINITIALIZED_AUTOS = YES_AGGRESSIVE;
				GCC_WARN_UNUSED_FUNCTION = YES;
				GCC_WARN_UNUSED_VARIABLE = YES;
				IPHONEOS_DEPLOYMENT_TARGET = 16.4;
				MTL_ENABLE_DEBUG_INFO = NO;
				MTL_FAST_MATH = YES;
				SDKROOT = iphoneos;
				SWIFT_COMPILATION_MODE = wholemodule;
				SWIFT_OPTIMIZATION_LEVEL = "-O";
				VALIDATE_PRODUCT = YES;
			};
			name = Release;
		};
		60F272952A0C998F0025711F /* Debug */ = {
			isa = XCBuildConfiguration;
			buildSettings = {
				ASSETCATALOG_COMPILER_APPICON_NAME = AppIcon;
				ASSETCATALOG_COMPILER_GLOBAL_ACCENT_COLOR_NAME = AccentColor;
				CODE_SIGN_STYLE = Automatic;
				CURRENT_PROJECT_VERSION = 1;
				DEVELOPMENT_ASSET_PATHS = "\"Weather Provider/Preview Content\"";
				DEVELOPMENT_TEAM = SPUKTJZVPR;
				ENABLE_PREVIEWS = YES;
				GENERATE_INFOPLIST_FILE = YES;
				INFOPLIST_KEY_NSLocationWhenInUseUsageDescription = "Allow $(PRODUCT_NAME) to use your current location to find the weather in your area.";
				INFOPLIST_KEY_UIApplicationSceneManifest_Generation = YES;
				INFOPLIST_KEY_UIApplicationSupportsIndirectInputEvents = YES;
				INFOPLIST_KEY_UILaunchScreen_Generation = YES;
				INFOPLIST_KEY_UISupportedInterfaceOrientations_iPad = "UIInterfaceOrientationPortrait UIInterfaceOrientationPortraitUpsideDown UIInterfaceOrientationLandscapeLeft UIInterfaceOrientationLandscapeRight";
				INFOPLIST_KEY_UISupportedInterfaceOrientations_iPhone = "UIInterfaceOrientationPortrait UIInterfaceOrientationLandscapeLeft UIInterfaceOrientationLandscapeRight";
				LD_RUNPATH_SEARCH_PATHS = (
					"$(inherited)",
					"@executable_path/Frameworks",
				);
				MARKETING_VERSION = 1.0;
				PRODUCT_BUNDLE_IDENTIFIER = "MatthewSousa.Weather-Provider";
				PRODUCT_NAME = "$(TARGET_NAME)";
				SWIFT_EMIT_LOC_STRINGS = YES;
				SWIFT_VERSION = 5.0;
				TARGETED_DEVICE_FAMILY = "1,2";
			};
			name = Debug;
		};
		60F272962A0C998F0025711F /* Release */ = {
			isa = XCBuildConfiguration;
			buildSettings = {
				ASSETCATALOG_COMPILER_APPICON_NAME = AppIcon;
				ASSETCATALOG_COMPILER_GLOBAL_ACCENT_COLOR_NAME = AccentColor;
				CODE_SIGN_STYLE = Automatic;
				CURRENT_PROJECT_VERSION = 1;
				DEVELOPMENT_ASSET_PATHS = "\"Weather Provider/Preview Content\"";
				DEVELOPMENT_TEAM = SPUKTJZVPR;
				ENABLE_PREVIEWS = YES;
				GENERATE_INFOPLIST_FILE = YES;
				INFOPLIST_KEY_NSLocationWhenInUseUsageDescription = "Allow $(PRODUCT_NAME) to use your current location to find the weather in your area.";
				INFOPLIST_KEY_UIApplicationSceneManifest_Generation = YES;
				INFOPLIST_KEY_UIApplicationSupportsIndirectInputEvents = YES;
				INFOPLIST_KEY_UILaunchScreen_Generation = YES;
				INFOPLIST_KEY_UISupportedInterfaceOrientations_iPad = "UIInterfaceOrientationPortrait UIInterfaceOrientationPortraitUpsideDown UIInterfaceOrientationLandscapeLeft UIInterfaceOrientationLandscapeRight";
				INFOPLIST_KEY_UISupportedInterfaceOrientations_iPhone = "UIInterfaceOrientationPortrait UIInterfaceOrientationLandscapeLeft UIInterfaceOrientationLandscapeRight";
				LD_RUNPATH_SEARCH_PATHS = (
					"$(inherited)",
					"@executable_path/Frameworks",
				);
				MARKETING_VERSION = 1.0;
				PRODUCT_BUNDLE_IDENTIFIER = "MatthewSousa.Weather-Provider";
				PRODUCT_NAME = "$(TARGET_NAME)";
				SWIFT_EMIT_LOC_STRINGS = YES;
				SWIFT_VERSION = 5.0;
				TARGETED_DEVICE_FAMILY = "1,2";
			};
			name = Release;
		};
/* End XCBuildConfiguration section */

/* Begin XCConfigurationList section */
		60F272812A0C998E0025711F /* Build configuration list for PBXProject "Weather Provider-DeveloperBranch" */ = {
			isa = XCConfigurationList;
			buildConfigurations = (
				60F272922A0C998F0025711F /* Debug */,
				60F272932A0C998F0025711F /* Release */,
			);
			defaultConfigurationIsVisible = 0;
			defaultConfigurationName = Release;
		};
		60F272942A0C998F0025711F /* Build configuration list for PBXNativeTarget "Weather Provider" */ = {
			isa = XCConfigurationList;
			buildConfigurations = (
				60F272952A0C998F0025711F /* Debug */,
				60F272962A0C998F0025711F /* Release */,
			);
			defaultConfigurationIsVisible = 0;
			defaultConfigurationName = Release;
		};
/* End XCConfigurationList section */
	};
	rootObject = 60F2727E2A0C998E0025711F /* Project object */;
}
